
Microsoft Visual Studio Solution File, Format Version 12.00
# Visual Studio Version 17
VisualStudioVersion = 17.5.33530.505
MinimumVisualStudioVersion = 10.0.40219.1
Project("{FAE04EC0-301F-11D3-BF4B-00C04F79EFBC}") = "BookStoreWeb", "BookStoreWeb\BookStoreWeb.csproj", "{C086ACF6-D7EF-4D54-BE64-74300AC1CCA1}"
EndProject
Global
	GlobalSection(SolutionConfigurationPlatforms) = preSolution
		Debug|Any CPU = Debug|Any CPU
		Release|Any CPU = Release|Any CPU
	EndGlobalSection
	GlobalSection(ProjectConfigurationPlatforms) = postSolution
		{C086ACF6-D7EF-4D54-BE64-74300AC1CCA1}.Debug|Any CPU.ActiveCfg = Debug|Any CPU
		{C086ACF6-D7EF-4D54-BE64-74300AC1CCA1}.Debug|Any CPU.Build.0 = Debug|Any CPU
		{C086ACF6-D7EF-4D54-BE64-74300AC1CCA1}.Release|Any CPU.ActiveCfg = Release|Any CPU
		{C086ACF6-D7EF-4D54-BE64-74300AC1CCA1}.Release|Any CPU.Build.0 = Release|Any CPU
	EndGlobalSection
	GlobalSection(SolutionProperties) = preSolution
		HideSolutionNode = FALSE
	EndGlobalSection
	GlobalSection(ExtensibilityGlobals) = postSolution
		SolutionGuid = {D4CEF7BE-E535-4869-984E-D2CC3D427698}
	EndGlobalSection
EndGlobal
